
Microsoft Visual Studio Solution File, Format Version 12.00
Project("{FAE04EC0-301F-11D3-BF4B-00C04F79EFBC}") = "MyJetWallet.RemoteConfig", "src\MyJetWallet.RemoteConfig\MyJetWallet.RemoteConfig.csproj", "{53CBEBC0-79FA-4CC8-BE1D-B8D4CCFA4C0F}"
EndProject
Project("{FAE04EC0-301F-11D3-BF4B-00C04F79EFBC}") = "TestApp", "src\TestApp\TestApp.csproj", "{D9F61CC6-5B18-496E-84FC-E0345EE8DB27}"
EndProject
Global
	GlobalSection(SolutionConfigurationPlatforms) = preSolution
		Debug|Any CPU = Debug|Any CPU
		Release|Any CPU = Release|Any CPU
	EndGlobalSection
	GlobalSection(ProjectConfigurationPlatforms) = postSolution
		{53CBEBC0-79FA-4CC8-BE1D-B8D4CCFA4C0F}.Debug|Any CPU.ActiveCfg = Debug|Any CPU
		{53CBEBC0-79FA-4CC8-BE1D-B8D4CCFA4C0F}.Debug|Any CPU.Build.0 = Debug|Any CPU
		{53CBEBC0-79FA-4CC8-BE1D-B8D4CCFA4C0F}.Release|Any CPU.ActiveCfg = Release|Any CPU
		{53CBEBC0-79FA-4CC8-BE1D-B8D4CCFA4C0F}.Release|Any CPU.Build.0 = Release|Any CPU
		{D9F61CC6-5B18-496E-84FC-E0345EE8DB27}.Debug|Any CPU.ActiveCfg = Debug|Any CPU
		{D9F61CC6-5B18-496E-84FC-E0345EE8DB27}.Debug|Any CPU.Build.0 = Debug|Any CPU
		{D9F61CC6-5B18-496E-84FC-E0345EE8DB27}.Release|Any CPU.ActiveCfg = Release|Any CPU
		{D9F61CC6-5B18-496E-84FC-E0345EE8DB27}.Release|Any CPU.Build.0 = Release|Any CPU
	EndGlobalSection
EndGlobal
